{
  "version": "3",
  "packages": {
    "specifiers": {
      "npm:@js-joda/core@5.4.2": "npm:@js-joda/core@5.4.2",
      "npm:@js-joda/core@5.6.1": "npm:@js-joda/core@5.6.1",
      "npm:@js-joda/timezone@2.15.0": "npm:@js-joda/timezone@2.15.0_@js-joda+core@5.4.2",
      "npm:@js-joda/timezone@2.18.2": "npm:@js-joda/timezone@2.18.2_@js-joda+core@5.6.1",
      "npm:mnemonist@0.39.5": "npm:mnemonist@0.39.5"
    },
    "npm": {
      "@js-joda/core@5.4.2": {
        "integrity": "sha512-QIDIZ9a0NfDStgD47VaTgwiPjlw1p4QPLwjOB/9+/DqIztoQopPNNAd+HdtQMHgE+ibP3dJacd8/TVL/A1RaaA==",
        "dependencies": {}
      },
      "@js-joda/core@5.6.1": {
        "integrity": "sha512-Xla/d7ZMMR6+zRd6lTio0wRZECfcfFJP7GGe9A9L4tDOlD5CX4YcZ4YZle9w58bBYzssojVapI84RraKWDQZRg==",
        "dependencies": {}
      },
      "@js-joda/timezone@2.15.0_@js-joda+core@5.4.2": {
        "integrity": "sha512-J7afu2PNR71IUvhZW4IBX+BpuuTESk9A1UklZz6T3g3yBsVER60lLueHop1iMXbqnTh85qPQ7NVRbgSYKK4BcA==",
        "dependencies": {
          "@js-joda/core": "@js-joda/core@5.4.2"
        }
      },
      "@js-joda/timezone@2.18.2_@js-joda+core@5.6.1": {
        "integrity": "sha512-4binOw4XBO4H6nbw0tPg1IOIrf3MF7gPeXkNiPuK1QAHPaBC0YsvtRt8BiJTqhEaBqh/Kbqp6MChlnbJ8dxQ5Q==",
        "dependencies": {
          "@js-joda/core": "@js-joda/core@5.6.1"
        }
      },
      "mnemonist@0.39.5": {
        "integrity": "sha512-FPUtkhtJ0efmEFGpU14x7jGbTB+s18LrzRL2KgoWz9YvcY3cPomz8tih01GbHwnGk/OmkOKfqd/RAQoc8Lm7DQ==",
        "dependencies": {
          "obliterator": "obliterator@2.0.4"
        }
      },
      "obliterator@2.0.4": {
        "integrity": "sha512-lgHwxlxV1qIg1Eap7LgIeoBWIMFibOjbrYPIPJZcI1mmGAI2m3lNYpK12Y+GBdPQ0U1hRwSord7GIaawz962qQ==",
        "dependencies": {}
      }
    }
  },
  "remote": {
    "https://deno.land/std@0.137.0/_util/assert.ts": "e94f2eb37cebd7f199952e242c77654e43333c1ac4c5c700e929ea3aa5489f74",
    "https://deno.land/std@0.137.0/bytes/bytes_list.ts": "67eb118e0b7891d2f389dad4add35856f4ad5faab46318ff99653456c23b025d",
    "https://deno.land/std@0.137.0/bytes/equals.ts": "a60ef9f01fb6e06a4e0343fc44d53d39d12dd66bc3f09ac8e6eb9cc1a6335e48",
    "https://deno.land/std@0.137.0/bytes/mod.ts": "763f97d33051cc3f28af1a688dfe2830841192a9fea0cbaa55f927b49d49d0bf",
    "https://deno.land/std@0.137.0/fmt/colors.ts": "30455035d6d728394781c10755351742dd731e3db6771b1843f9b9e490104d37",
    "https://deno.land/std@0.137.0/io/buffer.ts": "bd0c4bf53db4b4be916ca5963e454bddfd3fcd45039041ea161dbf826817822b",
    "https://deno.land/std@0.137.0/io/bufio.ts": "6892debf4476ba48591f47eadfde232a04f8d3ddaaf134f659234b09ea5d9c40",
    "https://deno.land/std@0.137.0/io/files.ts": "d199ef64e918a256320ba8d8d44ae91de87c9077df8f8d6cca013f1b9fbbe285",
    "https://deno.land/std@0.137.0/io/types.d.ts": "01f60ae7ec02675b5dbed150d258fc184a78dfe5c209ef53ba4422b46b58822c",
    "https://deno.land/std@0.137.0/io/util.ts": "078da53bba767bec0d45f7da44411f6dbf269e51ef7fcfea5e3714e04681c674",
    "https://deno.land/std@0.137.0/streams/conversion.ts": "712585bfa0172a97fb68dd46e784ae8ad59d11b88079d6a4ab098ff42e697d21",
    "https://deno.land/std@0.137.0/testing/_diff.ts": "029a00560b0d534bc0046f1bce4bd36b3b41ada3f2a3178c85686eb2ff5f1413",
    "https://deno.land/std@0.137.0/testing/_format.ts": "0d8dc79eab15b67cdc532826213bbe05bccfd276ca473a50a3fc7bbfb7260642",
    "https://deno.land/std@0.137.0/testing/asserts.ts": "61d85fc80f548a6e1e66d93fb7874a2c9e097aeecc00643c5f4f340370cde56f",
    "https://deno.land/std@0.166.0/_util/asserts.ts": "d0844e9b62510f89ce1f9878b046f6a57bf88f208a10304aab50efcb48365272",
    "https://deno.land/std@0.166.0/async/deferred.ts": "d8fb253ffde2a056e4889ef7e90f3928f28be9f9294b6505773d33f136aab4e6",
    "https://deno.land/std@0.166.0/bytes/bytes_list.ts": "aba5e2369e77d426b10af1de0dcc4531acecec27f9b9056f4f7bfbf8ac147ab4",
    "https://deno.land/std@0.166.0/bytes/equals.ts": "3c3558c3ae85526f84510aa2b48ab2ad7bdd899e2e0f5b7a8ffc85acb3a6043a",
    "https://deno.land/std@0.166.0/bytes/mod.ts": "b2e342fd3669176a27a4e15061e9d588b89c1aaf5008ab71766e23669565d179",
    "https://deno.land/std@0.166.0/io/buffer.ts": "245f1762a949082ddc0a6e9b15589d0be2d29c150266decd04320b8a8318f9f6",
    "https://deno.land/std@0.166.0/io/types.d.ts": "107e1e64834c5ba917c783f446b407d33432c5d612c4b3430df64fc2b4ecf091",
    "https://deno.land/std@0.166.0/streams/buffer.ts": "b532492d7ba43aecb59b6abdd546c2a47e2442cb4c50850b74311a2ccacfd981",
    "https://deno.land/std@0.166.0/streams/conversion.ts": "555c6c249f3acf85655f2d0af52d1cb3168e40b1c1fa26beefea501b333abe28",
    "https://deno.land/std@0.166.0/streams/delimiter.ts": "e18febbded53df275a897fac9249a6d0a6a5efc943256ad0f6cb23bf4d757668",
    "https://deno.land/std@0.166.0/streams/merge.ts": "88ed3dfa030ae076802688e4cadd762a251a41d81ed1776dfd9a2a9a0e970195",
    "https://deno.land/std@0.166.0/streams/mod.ts": "f402791689d74bd091ecf8f4015bc5b7d5c18132a55c7c72fe0576d1fb254cf9",
    "https://deno.land/std@0.208.0/assert/assert.ts": "9a97dad6d98c238938e7540736b826440ad8c1c1e54430ca4c4e623e585607ee",
    "https://deno.land/std@0.208.0/assert/assertion_error.ts": "4d0bde9b374dfbcbe8ac23f54f567b77024fb67dbb1906a852d67fe050d42f56",
    "https://deno.land/std@0.208.0/bytes/concat.ts": "d3d420badeb4f26a0f2f3ce343725f937326aff1b4634b25341b12b27353aac4",
    "https://deno.land/std@0.208.0/bytes/copy.ts": "939d89e302a9761dcf1d9c937c7711174ed74c59eef40a1e4569a05c9de88219",
    "https://deno.land/std@0.208.0/collections/_utils.ts": "5114abc026ddef71207a79609b984614e66a63a4bda17d819d56b0e72c51527e",
    "https://deno.land/std@0.208.0/collections/aggregate_groups.ts": "2ed1698695e7b4877afa2281ad10ce3ce67395aa7479e98cc2ebb751add1c4e9",
    "https://deno.land/std@0.208.0/collections/associate_by.ts": "64869182eeed3be9222137d071224ac6a01bcc3c5236610306f99e3e3107ec47",
    "https://deno.land/std@0.208.0/collections/associate_with.ts": "cf9735d7b4d345275fd3b7420eaba9726a2844e847f2d9e4be9f103f6f3e2c8b",
    "https://deno.land/std@0.208.0/collections/binary_heap.ts": "1f64605c2c6597b308a195db03266783ffaca667f45f0f44e66472bd1ba46ee7",
    "https://deno.land/std@0.208.0/collections/binary_search_tree.ts": "a04cdcee66bf4f42b63aceb4c2641158d581078ca6d49680267673769d9be11d",
    "https://deno.land/std@0.208.0/collections/chunk.ts": "f82c52a82ad9338018570c42f6de0fb132fcb14914c31a444e360ac104d7b55b",
    "https://deno.land/std@0.208.0/collections/deep_merge.ts": "9db788ba56cb05b65c77166b789e58e125dff159b7f41bf4d19dc1cba19ecb8b",
    "https://deno.land/std@0.208.0/collections/distinct.ts": "01595bd8e608a5e2de8a8631055587e6f01d68861e463eef34f8e295713500b8",
    "https://deno.land/std@0.208.0/collections/distinct_by.ts": "3afe11d81eafb30c7c9dbf568d94357f3d88153292c00671b72cd695deae6602",
    "https://deno.land/std@0.208.0/collections/drop_last_while.ts": "03dd8c55c362efea4f2738b93f102d7487f68beff7b4e4ed67495046b3fe1e4c",
    "https://deno.land/std@0.208.0/collections/drop_while.ts": "74cfa9d6b74b3503d5dc70c8ab96af21e7cb2eaff8b9f11aca2aca403e56aeae",
    "https://deno.land/std@0.208.0/collections/filter_entries.ts": "77d3f0b3dddcb43e92fc745dd66d01b4922d0eff2a3e2bd25d9d826889f203d8",
    "https://deno.land/std@0.208.0/collections/filter_keys.ts": "a29cfe8730ddb54e9e071ea45e8a82e166c7629d18675652def70c1bf80e2ef6",
    "https://deno.land/std@0.208.0/collections/filter_values.ts": "16e1fc456a7969e770ec5b89edf5ac97b295ca534b47c1a83f061b409aad7814",
    "https://deno.land/std@0.208.0/collections/find_single.ts": "d941876fbec0c1d8b7f41a52f8c1b03198c5695dfaa8d7a12e7a6317d2e6085b",
    "https://deno.land/std@0.208.0/collections/first_not_nullish_of.ts": "08d92c4f9c66ff1b1f64a48fa7c1e557e3e6d43f48a46d53a98c3383041b98ae",
    "https://deno.land/std@0.208.0/collections/group_by.ts": "dfde49af8407b0a537424e9875cd92a6b902a81cd8600005b8478e3128405c68",
    "https://deno.land/std@0.208.0/collections/includes_value.ts": "8284a0b3178465b6565d234c1995117320b248dbcff332f77c5e891a11459e0c",
    "https://deno.land/std@0.208.0/collections/intersect.ts": "0b4924e2aceaddd5e55591bd9d648cf75745151795ee8a76beddf4facec77548",
    "https://deno.land/std@0.208.0/collections/join_to_string.ts": "a487ccc99dbac988698cf5b7c6cc4bb50eefd1784042d0b958a77af413683fe0",
    "https://deno.land/std@0.208.0/collections/map_entries.ts": "282b0e5141fbe73a45903674597fb10ec2b211fab8cbac85874eebd97f522a62",
    "https://deno.land/std@0.208.0/collections/map_keys.ts": "3dd2cf3a940f1432628cb0252b919d268e8bb38fe8bcd78153a440909173ae98",
    "https://deno.land/std@0.208.0/collections/map_not_nullish.ts": "8793a340ca245664902a309ac02861b9eb01780f7b78aa5ad329da7d95e011ec",
    "https://deno.land/std@0.208.0/collections/map_values.ts": "c88f306b2b3ec84043e16ab4e1b062055ab32cf4d68bb1d7447afaafa0a1b3bf",
    "https://deno.land/std@0.208.0/collections/max_by.ts": "ddb8ea85722443c42b5b39d477863ba4fad50054e4e12507536b7014f0ff342b",
    "https://deno.land/std@0.208.0/collections/max_of.ts": "e36ac711e45cb3649bf6223e144541b3ad4f9d7fa9c373cc7e403ad5d6200d66",
    "https://deno.land/std@0.208.0/collections/max_with.ts": "252fe7788b6dfcf30cf8c4138cf9bae006a5d545408064ff520293ff0e2fe304",
    "https://deno.land/std@0.208.0/collections/min_by.ts": "c783b1c2aa2d4b4be26a6fff835b9ca986da2553c7ec808474d3298442e8892e",
    "https://deno.land/std@0.208.0/collections/min_of.ts": "cd322ddb383a8a32eef581f7178eb3960267195014b60e31f345bd333a9e88ba",
    "https://deno.land/std@0.208.0/collections/min_with.ts": "ecca4ba5da922fb4b1be515949c59f287e580166985f2b12ee711f768004b33f",
    "https://deno.land/std@0.208.0/collections/mod.ts": "9705a263c9ea8cb8afe1d915f095e88715c46de8f275821fc5277e00d790fe38",
    "https://deno.land/std@0.208.0/collections/partition.ts": "a9e7f034b8c4165495b4494ea661533be2f63208b1576442e7993562170204c5",
    "https://deno.land/std@0.208.0/collections/partition_entries.ts": "7a30b99b64a31af8e9d6da24239f7778b1cff9cd2f240f41aa2f535d647d54f9",
    "https://deno.land/std@0.208.0/collections/permutations.ts": "3e3a9d7a8cc806a9ce9ae8fb0c7f3d37d884b3c7429fcaca4bc5d177d92d8217",
    "https://deno.land/std@0.208.0/collections/red_black_tree.ts": "3da6fbdd55e69a238b21e11b5dbbdb0a9c58aaa1ed5b53ad949e6d9561660390",
    "https://deno.land/std@0.208.0/collections/reduce_groups.ts": "0cbb29ec3281f457dd1bd653c4420cef0a92544b51f31f5ae047436ff01712a2",
    "https://deno.land/std@0.208.0/collections/running_reduce.ts": "e25f165456b946e7689a27e0e7fbb2f53d8189ef7cd0937b903e737bd37bacc6",
    "https://deno.land/std@0.208.0/collections/sample.ts": "6330fb6567573b252a2ed9da475e54c4b98ca06e6266d34e5f0392095020c86b",
    "https://deno.land/std@0.208.0/collections/sliding_windows.ts": "d1c8d18d86b8f02b407379e8681881880b7e3e173d152c5d8dc89d458031b740",
    "https://deno.land/std@0.208.0/collections/sort_by.ts": "98d35f241290543bc851f29a2d742dc21004a55af4bdd7b8c9552ef7eee29f3a",
    "https://deno.land/std@0.208.0/collections/sum_of.ts": "76db7f04a66bdfa4911c4a592b868c854c690d6f0f83140c315f70caf742c761",
    "https://deno.land/std@0.208.0/collections/take_last_while.ts": "9adcfe94a3dd56fbd55951099a121267aa42d8ccbc8152ed3aa210f86c74ca57",
    "https://deno.land/std@0.208.0/collections/take_while.ts": "cd9a494d56e6a0a9c3f1e1123d1370633f0d4c6525ccf8aa3bd00b006742bddf",
    "https://deno.land/std@0.208.0/collections/union.ts": "0577babef67dd38dc584accbcf75605318346046fe4ff476f0f6e2a1b1092391",
    "https://deno.land/std@0.208.0/collections/unzip.ts": "3d3469c616b04200ff6a883e0d6dc82cac4c205aa65742e375afb8816be75b35",
    "https://deno.land/std@0.208.0/collections/without_all.ts": "1e3cccb1ed0659455b473c0766d9414b7710d8cef48862c899f445178f66b779",
    "https://deno.land/std@0.208.0/collections/zip.ts": "fcdae5d8d287d183a8bced53e250452aa9fdc65b8c7e518d3741ac3a42e35eca",
    "https://deno.land/std@0.208.0/data_structures/_binary_search_node.ts": "8d99dd95901d73a0edbe105826ef7ce0e1111ce184d2d0410dbfda172c9ebf35",
    "https://deno.land/std@0.208.0/data_structures/_red_black_node.ts": "040cdc47e2aee8c92ef3c0bb5526f25e2b6cbfef6ae86f159fe077e70722f0ca",
    "https://deno.land/std@0.208.0/data_structures/binary_heap.ts": "bd66bf48794ae526c6b06afadd0d05dad1f589314b61d264deec403eebfce4f0",
    "https://deno.land/std@0.208.0/data_structures/binary_search_tree.ts": "4e802f02125c45e17cd71ae1a2a9dedff8d3a31df0585a9d7ce1fbcf46960c20",
    "https://deno.land/std@0.208.0/data_structures/comparators.ts": "fa7f9a44cea1d270098a2a5a6f8bb30c61b595c1b1f983bd67c6297d766adffa",
    "https://deno.land/std@0.208.0/data_structures/red_black_tree.ts": "5cd84d7715159898a64fbbbf79026d2eac16f9eacd475656d22b7017148bfa33",
    "https://deno.land/std@0.208.0/io/buffer.ts": "11acaeae3dc0e491a335d82915e09e9f8afd53ecb82562515e5951e78f69b076",
    "https://deno.land/std@0.208.0/streams/_common.ts": "3b2c1f0287ce2ad51fff4091a7d0f48375c85b0ec341468e76d5ac13bb0014dd",
    "https://deno.land/std@0.208.0/streams/buffer.ts": "6cd773d22cf21bb988a98cc551b5abfc4c3b03516f93eaa3fb6f2f6e16032deb",
    "https://deno.land/std@0.208.0/streams/byte_slice_stream.ts": "c46d7c74836fc8c1a9acd9fe211cbe1bbaaee1b36087c834fb03af4991135c3a",
    "https://deno.land/std@0.208.0/streams/copy.ts": "faa201291ce9116fb1fae9d16b4f033e259fdea437b77404ff5cf742507844e6",
    "https://deno.land/std@0.208.0/streams/delimiter_stream.ts": "af7aab15d830636265c998ca330576edb6a50959fec1949d2fa57ef8dda299d2",
    "https://deno.land/std@0.208.0/streams/early_zip_readable_streams.ts": "4005fa74162b943f79899e5d7cb96adcbc0a6b867f9144974ed12d30e0a556e1",
    "https://deno.land/std@0.208.0/streams/iterate_reader.ts": "d6b2770f8ee27fb1c1e2c5a3c66451647f6fb5371534c78bef2ce614d60568d8",
    "https://deno.land/std@0.208.0/streams/limited_bytes_transform_stream.ts": "05dc592ffaab83257494d22dd53917e56243c26e5e3129b3f13ddbbbc4785048",
    "https://deno.land/std@0.208.0/streams/limited_transform_stream.ts": "d69ab790232c1b86f53621ad41ef03c235f2abb4b7a1cd51960ad6e12ee55e38",
    "https://deno.land/std@0.208.0/streams/merge_readable_streams.ts": "22963b9bbec8d000d9613db859002768e013fd731cafd55942dc0120d03e7b5d",
    "https://deno.land/std@0.208.0/streams/mod.ts": "e133c271474f1e9dc19f5c4959406f5c2101540c56a3e7d7abc6bdb7bcef807e",
    "https://deno.land/std@0.208.0/streams/read_all.ts": "64bfb842f4047f81d977dead27b6e5a9faaba17c8f1c30066284553dcfc13171",
    "https://deno.land/std@0.208.0/streams/readable_stream_from_reader.ts": "c28abb70a35c683f522b6bd43d39c272db33d86d874c59e728e26f270956b773",
    "https://deno.land/std@0.208.0/streams/reader_from_iterable.ts": "4fd184770b3756987b97c7718df3f5c4a2828b50e1cdc33111827d640dca6366",
    "https://deno.land/std@0.208.0/streams/reader_from_stream_reader.ts": "6fb8852fdd9775ce940a4facf6e265f1f233cc3b90f6d064b1556f6b0ef3d18b",
    "https://deno.land/std@0.208.0/streams/text_delimiter_stream.ts": "f0dc8ff953a8a77f0d1fa8db1fee62de817f36e20d79b00b1362847e30fbdd90",
    "https://deno.land/std@0.208.0/streams/text_line_stream.ts": "4958525688593d20c1c439a006dabd64881736bff642744ca060b2c34b40c240",
    "https://deno.land/std@0.208.0/streams/to_array_buffer.ts": "31b0729f6527054760a3758e84d6d646eac0f7f586204a81824c3eb7728ce836",
    "https://deno.land/std@0.208.0/streams/to_blob.ts": "4cf929b3ffe5d4dbe445d572246159ee2eebf69e998a0ba867b9048fb6e92797",
    "https://deno.land/std@0.208.0/streams/to_json.ts": "10635fac9826392bb8e70bc8354d3beb1058fa1676aa9b6f98257a0d5575f520",
    "https://deno.land/std@0.208.0/streams/to_text.ts": "4018b5f7a0e7ab28d6957c239e401f8b534ef326b7ebd282ca76b3cd55380aab",
    "https://deno.land/std@0.208.0/streams/to_transform_stream.ts": "50af06140c414090df8c3879f46bed4043a5d73caa60352c0c9682a88ec7a8c9",
    "https://deno.land/std@0.208.0/streams/writable_stream_from_writer.ts": "057bdfc6c08e34a8a86e2d61efe7354a8a0976260cd1437de8b7e64bcefaa9b9",
    "https://deno.land/std@0.208.0/streams/write_all.ts": "8fc9525c16eb60eb851274d4693ecd35c2177620239fbdfa8f5aacb32702f2cb",
    "https://deno.land/std@0.208.0/streams/writer_from_stream_writer.ts": "71d7a26f2a2b955794a7318856ad64d9eade36467d930b40698d3d5bfb0ce3b4",
    "https://deno.land/std@0.208.0/streams/zip_readable_streams.ts": "721c5bce8862c8225e60995b2d61c7b1b1d5b5178b60d303a01f453d5c26bb62",
    "https://deno.land/std@0.208.0/types.d.ts": "dbaeb2c4d7c526db9828fc8df89d8aecf53b9ced72e0c4568f97ddd8cda616a4",
    "https://deno.land/x/dejs@0.10.3/mod.ts": "8ca07db9a85c978c1c3741e673429fbff2bd063cb535bdb1b5b3375dba0a6fe3",
    "https://deno.land/x/dejs@0.10.3/vendor/https/deno.land/std/io/buffer.ts": "32a3beffa31a6a8e6ab4b666fed0037830aa42a2c7b375b8b5cf3d2039250088",
    "https://deno.land/x/dejs@0.10.3/vendor/https/deno.land/std/io/bufio.ts": "6ea5a0845b0ebe428da235e6470664bdaed128b2f8b54e0d87b87acfd4347c79",
    "https://deno.land/x/dejs@0.10.3/vendor/https/deno.land/std/io/util.ts": "4a713f517fb794dce2237aa36fe5873a45c3d374d38fdb4cc33fcff1b3fdaa47",
    "https://deno.land/x/dejs@0.10.3/vendor/https/deno.land/x/lodash/escape.js": "653e406a1b9c947918c124ddbfb8d39d5cebe86884b819974b5de13279d52df5",
    "https://deno.land/x/execute@v1.1.0/mod.ts": "893a18bfd4200a3c3da01cf9da3d9555ef17295e54d3b2a87ddef18b6389727c",
    "https://deno.land/x/lodash@4.17.15-es/_Symbol.js": "631160c3c0cbd05ec8a3d1934ded4a312504a29f04a00be2b29372d00dd6bc6d",
    "https://deno.land/x/lodash@4.17.15-es/_arrayMap.js": "ae3521733bd602f0f0443562ca13d3d1c8f42e130d4d4b0deacd931b68b0c60b",
    "https://deno.land/x/lodash@4.17.15-es/_baseGetTag.js": "3a9eebe37ba231eff0380b5f76ac5b5fcee4590665642fd052d77aa51c7d063f",
    "https://deno.land/x/lodash@4.17.15-es/_basePropertyOf.js": "a62950da12b7236a1524bc1191d43ed2edc6e93827f1b12e903d71f9f262e15b",
    "https://deno.land/x/lodash@4.17.15-es/_baseToString.js": "dc45840c564e75b058f8492a207d84a80629facdc33d80c4f05018aacdad675b",
    "https://deno.land/x/lodash@4.17.15-es/_escapeHtmlChar.js": "96451046e1ca9a2e38dafdd0635f163976631bea1a32688bfbed105f1c224940",
    "https://deno.land/x/lodash@4.17.15-es/_freeGlobal.js": "0b65c37b3c1ce6d1800cb59a330dde73f1009f0d10eeaf8fd45f7607b87db4c5",
    "https://deno.land/x/lodash@4.17.15-es/_getRawTag.js": "0023dec54160317b70d52df1d7918638bc16a2869b1bf355f0a4f3e755aa6faf",
    "https://deno.land/x/lodash@4.17.15-es/_objectToString.js": "8f1bb6043dc27219e71dfae28900a7f214a0856118a628efeb120169fe46fe8c",
    "https://deno.land/x/lodash@4.17.15-es/_root.js": "df58ff96c454ca91ace20d20e6af49b354c70dfba7e737adc00cd23e8ff77168",
    "https://deno.land/x/lodash@4.17.15-es/escape.js": "7babdce893618e4104b3baec5664f7d645b9a18d38e94ed09c4430ebb0f0a0ff",
    "https://deno.land/x/lodash@4.17.15-es/isArray.js": "0d9bcdfdf53955d9253076ddd68e0b992b2c91fb8364baa2ca971e57cbb74e4b",
    "https://deno.land/x/lodash@4.17.15-es/isObjectLike.js": "e45d69136695e8568c6fb3c7327f96ac1a8ff7284b1b22f26fb4654255fd0c6c",
    "https://deno.land/x/lodash@4.17.15-es/isSymbol.js": "f0dc1666c3cec2306cd4fd0f63a9a7ab1f25ed21d2db6664b1edc81bd3641a41",
    "https://deno.land/x/lodash@4.17.15-es/toString.js": "3f4c8d942944c3fe622e9fba36275b6291e834113619b266909822becfa94976"
  }
}
